
Microsoft Visual Studio Solution File, Format Version 12.00
# Visual Studio Version 17
VisualStudioVersion = 17.10.35027.167
MinimumVisualStudioVersion = 10.0.40219.1
Project("{FAE04EC0-301F-11D3-BF4B-00C04F79EFBC}") = "HelloWorld", "HelloWorld\HelloWorld.csproj", "{AF5DC01B-33A8-400D-84E4-0B217F780B66}"
EndProject
Global
	GlobalSection(SolutionConfigurationPlatforms) = preSolution
		Debug|Any CPU = Debug|Any CPU
		Release|Any CPU = Release|Any CPU
	EndGlobalSection
	GlobalSection(ProjectConfigurationPlatforms) = postSolution
		{AF5DC01B-33A8-400D-84E4-0B217F780B66}.Debug|Any CPU.ActiveCfg = Debug|Any CPU
		{AF5DC01B-33A8-400D-84E4-0B217F780B66}.Debug|Any CPU.Build.0 = Debug|Any CPU
		{AF5DC01B-33A8-400D-84E4-0B217F780B66}.Release|Any CPU.ActiveCfg = Release|Any CPU
		{AF5DC01B-33A8-400D-84E4-0B217F780B66}.Release|Any CPU.Build.0 = Release|Any CPU
	EndGlobalSection
	GlobalSection(SolutionProperties) = preSolution
		HideSolutionNode = FALSE
	EndGlobalSection
	GlobalSection(ExtensibilityGlobals) = postSolution
		SolutionGuid = {515EC135-956E-49D3-AA75-90298953C20F}
	EndGlobalSection
EndGlobal
